
Microsoft Visual Studio Solution File, Format Version 12.00
# Visual Studio Version 17
VisualStudioVersion = 17.11.35222.181
MinimumVisualStudioVersion = 10.0.40219.1
Project("{FAE04EC0-301F-11D3-BF4B-00C04F79EFBC}") = "nomesIdades", "nomesIdades.csproj", "{FC3FE936-B86F-453A-ADC2-1492FDFD132C}"
EndProject
Global
	GlobalSection(SolutionConfigurationPlatforms) = preSolution
		Debug|Any CPU = Debug|Any CPU
		Release|Any CPU = Release|Any CPU
	EndGlobalSection
	GlobalSection(ProjectConfigurationPlatforms) = postSolution
		{FC3FE936-B86F-453A-ADC2-1492FDFD132C}.Debug|Any CPU.ActiveCfg = Debug|Any CPU
		{FC3FE936-B86F-453A-ADC2-1492FDFD132C}.Debug|Any CPU.Build.0 = Debug|Any CPU
		{FC3FE936-B86F-453A-ADC2-1492FDFD132C}.Release|Any CPU.ActiveCfg = Release|Any CPU
		{FC3FE936-B86F-453A-ADC2-1492FDFD132C}.Release|Any CPU.Build.0 = Release|Any CPU
	EndGlobalSection
	GlobalSection(SolutionProperties) = preSolution
		HideSolutionNode = FALSE
	EndGlobalSection
	GlobalSection(ExtensibilityGlobals) = postSolution
		SolutionGuid = {9BE64D02-7931-4267-98DC-DE65D3991F1C}
	EndGlobalSection
EndGlobal
